{
  "name": "htdp-universe-js",
  "version": "1.0.4",
  "lockfileVersion": 3,
  "requires": true,
  "packages": {
    "": {
      "name": "htdp-universe-js",
      "version": "1.0.4",
      "license": "ISC",
      "dependencies": {
        "jsdoc": "^4.0.2"
      },
      "devDependencies": {
        "tsdoc": "^0.0.4"
      }
    },
    "node_modules/@babel/parser": {
      "version": "7.23.9",
      "resolved": "https://registry.npmjs.org/@babel/parser/-/parser-7.23.9.tgz",
      "integrity": "sha512-9tcKgqKbs3xGJ+NtKF2ndOBBLVwPjl1SHxPQkd36r3Dlirw3xWUeGaTbqr7uGZcTaxkVNwc+03SVP7aCdWrTlA==",
      "bin": {
        "parser": "bin/babel-parser.js"
      },
      "engines": {
        "node": ">=6.0.0"
      }
    },
    "node_modules/@isaacs/cliui": {
      "version": "8.0.2",
      "resolved": "https://registry.npmjs.org/@isaacs/cliui/-/cliui-8.0.2.tgz",
      "integrity": "sha512-O8jcjabXaleOG9DQ0+ARXWZBTfnP4WNAqzuiJK7ll44AmxGKv/J2M4TPjxjY3znBCfvBXFzucm1twdyFybFqEA==",
      "dev": true,
      "dependencies": {
        "string-width": "^5.1.2",
        "string-width-cjs": "npm:string-width@^4.2.0",
        "strip-ansi": "^7.0.1",
        "strip-ansi-cjs": "npm:strip-ansi@^6.0.1",
        "wrap-ansi": "^8.1.0",
        "wrap-ansi-cjs": "npm:wrap-ansi@^7.0.0"
      },
      "engines": {
        "node": ">=12"
      }
    },
    "node_modules/@jsdoc/salty": {
      "version": "0.2.7",
      "resolved": "https://registry.npmjs.org/@jsdoc/salty/-/salty-0.2.7.tgz",
      "integrity": "sha512-mh8LbS9d4Jq84KLw8pzho7XC2q2/IJGiJss3xwRoLD1A+EE16SjN4PfaG4jRCzKegTFLlN0Zd8SdUPE6XdoPFg==",
      "dependencies": {
        "lodash": "^4.17.21"
      },
      "engines": {
        "node": ">=v12.0.0"
      }
    },
    "node_modules/@pkgjs/parseargs": {
      "version": "0.11.0",
      "resolved": "https://registry.npmjs.org/@pkgjs/parseargs/-/parseargs-0.11.0.tgz",
      "integrity": "sha512-+1VkjdD0QBLPodGrJUeqarH8VAIvQODIbwh9XpP5Syisf7YoQgsJKPNFoqqLQlu+VQ/tVSshMR6loPMn8U+dPg==",
      "dev": true,
      "optional": true,
      "engines": {
        "node": ">=14"
      }
    },
    "node_modules/@types/linkify-it": {
      "version": "3.0.5",
      "resolved": "https://registry.npmjs.org/@types/linkify-it/-/linkify-it-3.0.5.tgz",
      "integrity": "sha512-yg6E+u0/+Zjva+buc3EIb+29XEg4wltq7cSmd4Uc2EE/1nUVmxyzpX6gUXD0V8jIrG0r7YeOGVIbYRkxeooCtw=="
    },
    "node_modules/@types/markdown-it": {
      "version": "12.2.3",
      "resolved": "https://registry.npmjs.org/@types/markdown-it/-/markdown-it-12.2.3.tgz",
      "integrity": "sha512-GKMHFfv3458yYy+v/N8gjufHO6MSZKCOXpZc5GXIWWy8uldwfmPn98vp81gZ5f9SVw8YYBctgfJ22a2d7AOMeQ==",
      "dependencies": {
        "@types/linkify-it": "*",
        "@types/mdurl": "*"
      }
    },
    "node_modules/@types/mdurl": {
      "version": "1.0.5",
      "resolved": "https://registry.npmjs.org/@types/mdurl/-/mdurl-1.0.5.tgz",
      "integrity": "sha512-6L6VymKTzYSrEf4Nev4Xa1LCHKrlTlYCBMTlQKFuddo1CvQcE52I0mwfOJayueUC7MJuXOeHTcIU683lzd0cUA=="
    },
    "node_modules/abbrev": {
      "version": "1.1.1",
      "resolved": "https://registry.npmjs.org/abbrev/-/abbrev-1.1.1.tgz",
      "integrity": "sha512-nne9/IiQ/hzIhY6pdDnbBtz7DjPTKrY00P/zvPSm5pOFkl6xuGrGnXn/VtTNNfNtAfZ9/1RtehkszU9qcTii0Q==",
      "dev": true
    },
    "node_modules/ansi-regex": {
      "version": "6.0.1",
      "resolved": "https://registry.npmjs.org/ansi-regex/-/ansi-regex-6.0.1.tgz",
      "integrity": "sha512-n5M855fKb2SsfMIiFFoVrABHJC8QtHwVx+mHWP3QcEqBHYienj5dHSgjbxtC0WEZXYt4wcD6zrQElDPhFuZgfA==",
      "dev": true,
      "engines": {
        "node": ">=12"
      },
      "funding": {
        "url": "https://github.com/chalk/ansi-regex?sponsor=1"
      }
    },
    "node_modules/ansi-styles": {
      "version": "6.2.1",
      "resolved": "https://registry.npmjs.org/ansi-styles/-/ansi-styles-6.2.1.tgz",
      "integrity": "sha512-bN798gFfQX+viw3R7yrGWRqnrN2oRkEkUjjl4JNn4E8GxxbjtG3FbrEIIY3l8/hrwUwIeCZvi4QuOTP4MErVug==",
      "dev": true,
      "engines": {
        "node": ">=12"
      },
      "funding": {
        "url": "https://github.com/chalk/ansi-styles?sponsor=1"
      }
    },
    "node_modules/argparse": {
      "version": "2.0.1",
      "resolved": "https://registry.npmjs.org/argparse/-/argparse-2.0.1.tgz",
      "integrity": "sha512-8+9WqebbFzpX9OR+Wa6O29asIogeRMzcGtAINdpMHHyAg10f05aSFVBbcEqGf/PXw1EjAZ+q2/bEBg3DvurK3Q=="
    },
    "node_modules/async": {
      "version": "0.1.22",
      "resolved": "https://registry.npmjs.org/async/-/async-0.1.22.tgz",
      "integrity": "sha512-2tEzliJmf5fHNafNwQLJXUasGzQCVctvsNkXmnlELHwypU0p08/rHohYvkqKIjyXpx+0rkrYv6QbhJ+UF4QkBg==",
      "dev": true,
      "engines": {
        "node": "*"
      }
    },
    "node_modules/balanced-match": {
      "version": "1.0.2",
      "resolved": "https://registry.npmjs.org/balanced-match/-/balanced-match-1.0.2.tgz",
      "integrity": "sha512-3oSeUO0TMV67hN1AmbXsK4yaqU7tjiHlbxRDZOpH0KW9+CeX4bRAaX0Anxt0tx2MrpRpWwQaPwIlISEJhYU5Pw==",
      "dev": true
    },
    "node_modules/bluebird": {
      "version": "3.7.2",
      "resolved": "https://registry.npmjs.org/bluebird/-/bluebird-3.7.2.tgz",
      "integrity": "sha512-XpNj6GDQzdfW+r2Wnn7xiSAd7TM3jzkxGXBGTtWKuSXv1xUV+azxAm8jdWZN06QTQk+2N2XB9jRDkvbmQmcRtg=="
    },
    "node_modules/brace-expansion": {
      "version": "2.0.1",
      "resolved": "https://registry.npmjs.org/brace-expansion/-/brace-expansion-2.0.1.tgz",
      "integrity": "sha512-XnAIvQ8eM+kC6aULx6wuQiwVsnzsi9d3WxzV3FpWTGA19F621kwdbsAcFKXgKUHZWsy+mY6iL1sHTxWEFCytDA==",
      "dev": true,
      "dependencies": {
        "balanced-match": "^1.0.0"
      }
    },
    "node_modules/catharsis": {
      "version": "0.9.0",
      "resolved": "https://registry.npmjs.org/catharsis/-/catharsis-0.9.0.tgz",
      "integrity": "sha512-prMTQVpcns/tzFgFVkVp6ak6RykZyWb3gu8ckUpd6YkTlacOd3DXGJjIpD4Q6zJirizvaiAjSSHlOsA+6sNh2A==",
      "dependencies": {
        "lodash": "^4.17.15"
      },
      "engines": {
        "node": ">= 10"
      }
    },
    "node_modules/cli": {
      "version": "0.4.3",
      "resolved": "https://registry.npmjs.org/cli/-/cli-0.4.3.tgz",
      "integrity": "sha512-zPLMXUf13f5JkcgpA6FJim+U1fcsPYymGdEhdNsF5rRf1k+MEyBjmxECSI0lg+i143E6kPTpVN65bNaCvf+avA==",
      "dev": true,
      "dependencies": {
        "glob": ">= 3.1.4"
      },
      "engines": {
        "node": ">=0.2.5"
      }
    },
    "node_modules/color-convert": {
      "version": "2.0.1",
      "resolved": "https://registry.npmjs.org/color-convert/-/color-convert-2.0.1.tgz",
      "integrity": "sha512-RRECPsj7iu/xb5oKYcsFHSppFNnsj/52OVTRKb4zP5onXwVF3zVmmToNcOfGC+CRDpfK/U584fMg38ZHCaElKQ==",
      "dev": true,
      "dependencies": {
        "color-name": "~1.1.4"
      },
      "engines": {
        "node": ">=7.0.0"
      }
    },
    "node_modules/color-name": {
      "version": "1.1.4",
      "resolved": "https://registry.npmjs.org/color-name/-/color-name-1.1.4.tgz",
      "integrity": "sha512-dOy+3AuW3a2wNbZHIuMZpTcgjGuLU/uBL/ubcZF9OXbDo8ff4O8yVp5Bf0efS8uEoYo5q4Fx7dY9OgQGXgAsQA==",
      "dev": true
    },
    "node_modules/cross-spawn": {
      "version": "7.0.3",
      "resolved": "https://registry.npmjs.org/cross-spawn/-/cross-spawn-7.0.3.tgz",
      "integrity": "sha512-iRDPJKUPVEND7dHPO8rkbOnPpyDygcDFtWjpeWNCgy8WP2rXcxXL8TskReQl6OrB2G7+UJrags1q15Fudc7G6w==",
      "dev": true,
      "dependencies": {
        "path-key": "^3.1.0",
        "shebang-command": "^2.0.0",
        "which": "^2.0.1"
      },
      "engines": {
        "node": ">= 8"
      }
    },
    "node_modules/crypto-browserify": {
      "version": "0.1.1",
      "resolved": "git+ssh://git@github.com/dominictarr/crypto-browserify.git#95c5d50581ce0b4fff6e76e45dc0bb3622be4e9a",
      "dev": true,
      "engines": {
        "node": "*"
      }
    },
    "node_modules/eastasianwidth": {
      "version": "0.2.0",
      "resolved": "https://registry.npmjs.org/eastasianwidth/-/eastasianwidth-0.2.0.tgz",
      "integrity": "sha512-I88TYZWc9XiYHRQ4/3c5rjjfgkjhLyW2luGIheGERbNQ6OY7yTybanSpDXZa8y7VUP9YmDcYa+eyq4ca7iLqWA==",
      "dev": true
    },
    "node_modules/emoji-regex": {
      "version": "9.2.2",
      "resolved": "https://registry.npmjs.org/emoji-regex/-/emoji-regex-9.2.2.tgz",
      "integrity": "sha512-L18DaJsXSUk2+42pv8mLs5jJT2hqFkFE4j21wOmgbUqsZ2hL72NsUU785g9RXgo3s0ZNgVl42TiHp3ZtOv/Vyg==",
      "dev": true
    },
    "node_modules/entities": {
      "version": "2.1.0",
      "resolved": "https://registry.npmjs.org/entities/-/entities-2.1.0.tgz",
      "integrity": "sha512-hCx1oky9PFrJ611mf0ifBLBRW8lUUVRlFolb5gWRfIELabBlbp9xZvrqZLZAs+NxFnbfQoeGd8wDkygjg7U85w==",
      "funding": {
        "url": "https://github.com/fb55/entities?sponsor=1"
      }
    },
    "node_modules/escape-string-regexp": {
      "version": "2.0.0",
      "resolved": "https://registry.npmjs.org/escape-string-regexp/-/escape-string-regexp-2.0.0.tgz",
      "integrity": "sha512-UpzcLCXolUWcNu5HtVMHYdXJjArjsF9C0aNnquZYY4uW/Vu0miy5YoWvbV345HauVvcAUnpRuhMMcqTcGOY2+w==",
      "engines": {
        "node": ">=8"
      }
    },
    "node_modules/foreground-child": {
      "version": "3.1.1",
      "resolved": "https://registry.npmjs.org/foreground-child/-/foreground-child-3.1.1.tgz",
      "integrity": "sha512-TMKDUnIte6bfb5nWv7V/caI169OHgvwjb7V4WkeUvbQQdjr5rWKqHFiKWb/fcOwB+CzBT+qbWjvj+DVwRskpIg==",
      "dev": true,
      "dependencies": {
        "cross-spawn": "^7.0.0",
        "signal-exit": "^4.0.1"
      },
      "engines": {
        "node": ">=14"
      },
      "funding": {
        "url": "https://github.com/sponsors/isaacs"
      }
    },
    "node_modules/glob": {
      "version": "10.3.10",
      "resolved": "https://registry.npmjs.org/glob/-/glob-10.3.10.tgz",
      "integrity": "sha512-fa46+tv1Ak0UPK1TOy/pZrIybNNt4HCv7SDzwyfiOZkvZLEbjsZkJBPtDHVshZjbecAoAGSC20MjLDG/qr679g==",
      "dev": true,
      "dependencies": {
        "foreground-child": "^3.1.0",
        "jackspeak": "^2.3.5",
        "minimatch": "^9.0.1",
        "minipass": "^5.0.0 || ^6.0.2 || ^7.0.0",
        "path-scurry": "^1.10.1"
      },
      "bin": {
        "glob": "dist/esm/bin.mjs"
      },
      "engines": {
        "node": ">=16 || 14 >=14.17"
      },
      "funding": {
        "url": "https://github.com/sponsors/isaacs"
      }
    },
    "node_modules/glob/node_modules/minimatch": {
      "version": "9.0.3",
      "resolved": "https://registry.npmjs.org/minimatch/-/minimatch-9.0.3.tgz",
      "integrity": "sha512-RHiac9mvaRw0x3AYRgDC1CxAP7HTcNrrECeA8YYJeWnpo+2Q5CegtZjaotWTWxDG3UeGA1coE05iH1mPjT/2mg==",
      "dev": true,
      "dependencies": {
        "brace-expansion": "^2.0.1"
      },
      "engines": {
        "node": ">=16 || 14 >=14.17"
      },
      "funding": {
        "url": "https://github.com/sponsors/isaacs"
      }
    },
    "node_modules/graceful-fs": {
      "version": "4.2.11",
      "resolved": "https://registry.npmjs.org/graceful-fs/-/graceful-fs-4.2.11.tgz",
      "integrity": "sha512-RbJ5/jmFcNNCcDV5o9eTnBLJ/HszWV0P73bc+Ff4nS/rJj+YaS6IGyiOL0VoBYX+l1Wrl3k63h/KrH+nhJ0XvQ=="
    },
    "node_modules/is-fullwidth-code-point": {
      "version": "3.0.0",
      "resolved": "https://registry.npmjs.org/is-fullwidth-code-point/-/is-fullwidth-code-point-3.0.0.tgz",
      "integrity": "sha512-zymm5+u+sCsSWyD9qNaejV3DFvhCKclKdizYaJUuHA83RLjb7nSuGnddCHGv0hk+KY7BMAlsWeK4Ueg6EV6XQg==",
      "dev": true,
      "engines": {
        "node": ">=8"
      }
    },
    "node_modules/isexe": {
      "version": "2.0.0",
      "resolved": "https://registry.npmjs.org/isexe/-/isexe-2.0.0.tgz",
      "integrity": "sha512-RHxMLp9lnKHGHRng9QFhRCMbYAcVpn69smSGcq3f36xjgVVWThj4qqLbTLlq7Ssj8B+fIQ1EuCEGI2lKsyQeIw==",
      "dev": true
    },
    "node_modules/jackspeak": {
      "version": "2.3.6",
      "resolved": "https://registry.npmjs.org/jackspeak/-/jackspeak-2.3.6.tgz",
      "integrity": "sha512-N3yCS/NegsOBokc8GAdM8UcmfsKiSS8cipheD/nivzr700H+nsMOxJjQnvwOcRYVuFkdH0wGUvW2WbXGmrZGbQ==",
      "dev": true,
      "dependencies": {
        "@isaacs/cliui": "^8.0.2"
      },
      "engines": {
        "node": ">=14"
      },
      "funding": {
        "url": "https://github.com/sponsors/isaacs"
      },
      "optionalDependencies": {
        "@pkgjs/parseargs": "^0.11.0"
      }
    },
    "node_modules/js2xmlparser": {
      "version": "4.0.2",
      "resolved": "https://registry.npmjs.org/js2xmlparser/-/js2xmlparser-4.0.2.tgz",
      "integrity": "sha512-6n4D8gLlLf1n5mNLQPRfViYzu9RATblzPEtm1SthMX1Pjao0r9YI9nw7ZIfRxQMERS87mcswrg+r/OYrPRX6jA==",
      "dependencies": {
        "xmlcreate": "^2.0.4"
      }
    },
    "node_modules/jsdoc": {
      "version": "4.0.2",
      "resolved": "https://registry.npmjs.org/jsdoc/-/jsdoc-4.0.2.tgz",
      "integrity": "sha512-e8cIg2z62InH7azBBi3EsSEqrKx+nUtAS5bBcYTSpZFA+vhNPyhv8PTFZ0WsjOPDj04/dOLlm08EDcQJDqaGQg==",
      "dependencies": {
        "@babel/parser": "^7.20.15",
        "@jsdoc/salty": "^0.2.1",
        "@types/markdown-it": "^12.2.3",
        "bluebird": "^3.7.2",
        "catharsis": "^0.9.0",
        "escape-string-regexp": "^2.0.0",
        "js2xmlparser": "^4.0.2",
        "klaw": "^3.0.0",
        "markdown-it": "^12.3.2",
        "markdown-it-anchor": "^8.4.1",
        "marked": "^4.0.10",
        "mkdirp": "^1.0.4",
        "requizzle": "^0.2.3",
        "strip-json-comments": "^3.1.0",
        "underscore": "~1.13.2"
      },
      "bin": {
        "jsdoc": "jsdoc.js"
      },
      "engines": {
        "node": ">=12.0.0"
      }
    },
    "node_modules/jshint": {
      "version": "0.9.1",
      "resolved": "https://registry.npmjs.org/jshint/-/jshint-0.9.1.tgz",
      "integrity": "sha512-W69SwJ3/pBdkwwpNxCOmlJHlsJCzA2xJ4DyWoXezdjBEteBq/R3eX6CaU7SM7mTjdSU1iSI7UG57fl0QqNO4Nw==",
      "dev": true,
      "dependencies": {
        "cli": "0.4.3",
        "minimatch": "0.0.x"
      },
      "bin": {
        "jshint": "bin/hint"
      }
    },
    "node_modules/klaw": {
      "version": "3.0.0",
      "resolved": "https://registry.npmjs.org/klaw/-/klaw-3.0.0.tgz",
      "integrity": "sha512-0Fo5oir+O9jnXu5EefYbVK+mHMBeEVEy2cmctR1O1NECcCkPRreJKrS6Qt/j3KC2C148Dfo9i3pCmCMsdqGr0g==",
      "dependencies": {
        "graceful-fs": "^4.1.9"
      }
    },
    "node_modules/linkify-it": {
      "version": "3.0.3",
      "resolved": "https://registry.npmjs.org/linkify-it/-/linkify-it-3.0.3.tgz",
      "integrity": "sha512-ynTsyrFSdE5oZ/O9GEf00kPngmOfVwazR5GKDq6EYfhlpFug3J2zybX56a2PRRpc9P+FuSoGNAwjlbDs9jJBPQ==",
      "dependencies": {
        "uc.micro": "^1.0.1"
      }
    },
    "node_modules/lodash": {
      "version": "4.17.21",
      "resolved": "https://registry.npmjs.org/lodash/-/lodash-4.17.21.tgz",
      "integrity": "sha512-v2kDEe57lecTulaDIuNTPy3Ry4gLGJ6Z1O3vE1krgXZNrsQ+LFTGHVxVjcXPs17LhbZVGedAJv8XZ1tvj5FvSg=="
    },
    "node_modules/lru-cache": {
      "version": "1.0.6",
      "resolved": "https://registry.npmjs.org/lru-cache/-/lru-cache-1.0.6.tgz",
      "integrity": "sha512-mM3c2io8llIGu/6WuMhLl5Qu9Flt5io8Epuqk+iIbKwyUwDQI6FdcCDxjAhhxYqgi0U17G89chu/Va1gbKhJbw==",
      "dev": true,
      "engines": {
        "node": "*"
      }
    },
    "node_modules/markdown": {
      "version": "0.4.0",
      "resolved": "git+ssh://git@github.com/jsdoc3/markdown-js.git#0050c46a97d084a3cf8e42bc158be6570b94c6e6",
      "dev": true,
      "dependencies": {
        "nopt": "1"
      },
      "bin": {
        "md2html": "bin/md2html.js"
      }
    },
    "node_modules/markdown-it": {
      "version": "12.3.2",
      "resolved": "https://registry.npmjs.org/markdown-it/-/markdown-it-12.3.2.tgz",
      "integrity": "sha512-TchMembfxfNVpHkbtriWltGWc+m3xszaRD0CZup7GFFhzIgQqxIfn3eGj1yZpfuflzPvfkt611B2Q/Bsk1YnGg==",
      "dependencies": {
        "argparse": "^2.0.1",
        "entities": "~2.1.0",
        "linkify-it": "^3.0.1",
        "mdurl": "^1.0.1",
        "uc.micro": "^1.0.5"
      },
      "bin": {
        "markdown-it": "bin/markdown-it.js"
      }
    },
    "node_modules/markdown-it-anchor": {
      "version": "8.6.7",
      "resolved": "https://registry.npmjs.org/markdown-it-anchor/-/markdown-it-anchor-8.6.7.tgz",
      "integrity": "sha512-FlCHFwNnutLgVTflOYHPW2pPcl2AACqVzExlkGQNsi4CJgqOHN7YTgDd4LuhgN1BFO3TS0vLAruV1Td6dwWPJA==",
      "peerDependencies": {
        "@types/markdown-it": "*",
        "markdown-it": "*"
      }
    },
    "node_modules/marked": {
      "version": "4.3.0",
      "resolved": "https://registry.npmjs.org/marked/-/marked-4.3.0.tgz",
      "integrity": "sha512-PRsaiG84bK+AMvxziE/lCFss8juXjNaWzVbN5tXAm4XjeaS9NAHhop+PjQxz2A9h8Q4M/xGmzP8vqNwy6JeK0A==",
      "bin": {
        "marked": "bin/marked.js"
      },
      "engines": {
        "node": ">= 12"
      }
    },
    "node_modules/mdurl": {
      "version": "1.0.1",
      "resolved": "https://registry.npmjs.org/mdurl/-/mdurl-1.0.1.tgz",
      "integrity": "sha512-/sKlQJCBYVY9Ers9hqzKou4H6V5UWc/M59TH2dvkt+84itfnq7uFOMLpOiOS4ujvHP4etln18fmIxA5R5fll0g=="
    },
    "node_modules/minimatch": {
      "version": "0.0.5",
      "resolved": "https://registry.npmjs.org/minimatch/-/minimatch-0.0.5.tgz",
      "integrity": "sha512-+uV1GoFd1Qme/Evj0R3kXX2sZvLFPPKv3FPBE+Q33Xx+ME1G4i3V1x9q68j6nHfZWsl74fdCfX4SIxjbuKtKXA==",
      "deprecated": "Please update to minimatch 3.0.2 or higher to avoid a RegExp DoS issue",
      "dev": true,
      "dependencies": {
        "lru-cache": "~1.0.2"
      },
      "engines": {
        "node": "*"
      }
    },
    "node_modules/minimist": {
      "version": "0.0.10",
      "resolved": "https://registry.npmjs.org/minimist/-/minimist-0.0.10.tgz",
      "integrity": "sha512-iotkTvxc+TwOm5Ieim8VnSNvCDjCK9S8G3scJ50ZthspSxa7jx50jkhYduuAtAjvfDUwSgOwf8+If99AlOEhyw==",
      "dev": true
    },
    "node_modules/minipass": {
      "version": "7.0.4",
      "resolved": "https://registry.npmjs.org/minipass/-/minipass-7.0.4.tgz",
      "integrity": "sha512-jYofLM5Dam9279rdkWzqHozUo4ybjdZmCsDHePy5V/PbBcVMiSZR97gmAy45aqi8CK1lG2ECd356FU86avfwUQ==",
      "dev": true,
      "engines": {
        "node": ">=16 || 14 >=14.17"
      }
    },
    "node_modules/mkdirp": {
      "version": "1.0.4",
      "resolved": "https://registry.npmjs.org/mkdirp/-/mkdirp-1.0.4.tgz",
      "integrity": "sha512-vVqVZQyf3WLx2Shd0qJ9xuvqgAyKPLAiqITEtqW0oIUjzo3PePDd6fW9iFz30ef7Ysp/oiWqbhszeGWW2T6Gzw==",
      "bin": {
        "mkdirp": "bin/cmd.js"
      },
      "engines": {
        "node": ">=10"
      }
    },
    "node_modules/nopt": {
      "version": "1.0.10",
      "resolved": "https://registry.npmjs.org/nopt/-/nopt-1.0.10.tgz",
      "integrity": "sha512-NWmpvLSqUrgrAC9HCuxEvb+PSloHpqVu+FqcO4eeF2h5qYRhA7ev6KvelyQAKtegUbC6RypJnlEOhd8vloNKYg==",
      "dev": true,
      "dependencies": {
        "abbrev": "1"
      },
      "bin": {
        "nopt": "bin/nopt.js"
      },
      "engines": {
        "node": "*"
      }
    },
    "node_modules/optimist": {
      "version": "0.6.0",
      "resolved": "https://registry.npmjs.org/optimist/-/optimist-0.6.0.tgz",
      "integrity": "sha512-ubrZPyOU0AHpXkmwqfWolap+eHMwQ484AKivkf0ZGyysd6fUJZl7ow9iu5UNV1vCZv46HQ7EM83IC3NGJ820hg==",
      "dev": true,
      "dependencies": {
        "minimist": "~0.0.1",
        "wordwrap": "~0.0.2"
      }
    },
    "node_modules/path-key": {
      "version": "3.1.1",
      "resolved": "https://registry.npmjs.org/path-key/-/path-key-3.1.1.tgz",
      "integrity": "sha512-ojmeN0qd+y0jszEtoY48r0Peq5dwMEkIlCOu6Q5f41lfkswXuKtYrhgoTpLnyIcHm24Uhqx+5Tqm2InSwLhE6Q==",
      "dev": true,
      "engines": {
        "node": ">=8"
      }
    },
    "node_modules/path-scurry": {
      "version": "1.10.1",
      "resolved": "https://registry.npmjs.org/path-scurry/-/path-scurry-1.10.1.tgz",
      "integrity": "sha512-MkhCqzzBEpPvxxQ71Md0b1Kk51W01lrYvlMzSUaIzNsODdd7mqhiimSZlr+VegAz5Z6Vzt9Xg2ttE//XBhH3EQ==",
      "dev": true,
      "dependencies": {
        "lru-cache": "^9.1.1 || ^10.0.0",
        "minipass": "^5.0.0 || ^6.0.2 || ^7.0.0"
      },
      "engines": {
        "node": ">=16 || 14 >=14.17"
      },
      "funding": {
        "url": "https://github.com/sponsors/isaacs"
      }
    },
    "node_modules/path-scurry/node_modules/lru-cache": {
      "version": "10.2.0",
      "resolved": "https://registry.npmjs.org/lru-cache/-/lru-cache-10.2.0.tgz",
      "integrity": "sha512-2bIM8x+VAf6JT4bKAljS1qUWgMsqZRPGJS6FSahIMPVvctcNhyVp7AJu7quxOW9jwkryBReKZY5tY5JYv2n/7Q==",
      "dev": true,
      "engines": {
        "node": "14 || >=16.14"
      }
    },
    "node_modules/requizzle": {
      "version": "0.2.4",
      "resolved": "https://registry.npmjs.org/requizzle/-/requizzle-0.2.4.tgz",
      "integrity": "sha512-JRrFk1D4OQ4SqovXOgdav+K8EAhSB/LJZqCz8tbX0KObcdeM15Ss59ozWMBWmmINMagCwmqn4ZNryUGpBsl6Jw==",
      "dependencies": {
        "lodash": "^4.17.21"
      }
    },
    "node_modules/shebang-command": {
      "version": "2.0.0",
      "resolved": "https://registry.npmjs.org/shebang-command/-/shebang-command-2.0.0.tgz",
      "integrity": "sha512-kHxr2zZpYtdmrN1qDjrrX/Z1rR1kG8Dx+gkpK1G4eXmvXswmcE1hTWBWYUzlraYw1/yZp6YuDY77YtvbN0dmDA==",
      "dev": true,
      "dependencies": {
        "shebang-regex": "^3.0.0"
      },
      "engines": {
        "node": ">=8"
      }
    },
    "node_modules/shebang-regex": {
      "version": "3.0.0",
      "resolved": "https://registry.npmjs.org/shebang-regex/-/shebang-regex-3.0.0.tgz",
      "integrity": "sha512-7++dFhtcx3353uBaq8DDR4NuxBetBzC7ZQOhmTQInHEd6bSrXdiEyzCvG07Z44UYdLShWUyXt5M/yhz8ekcb1A==",
      "dev": true,
      "engines": {
        "node": ">=8"
      }
    },
    "node_modules/signal-exit": {
      "version": "4.1.0",
      "resolved": "https://registry.npmjs.org/signal-exit/-/signal-exit-4.1.0.tgz",
      "integrity": "sha512-bzyZ1e88w9O1iNJbKnOlvYTrWPDl46O1bG0D3XInv+9tkPrxrN8jUUTiFlDkkmKWgn1M6CfIA13SuGqOa9Korw==",
      "dev": true,
      "engines": {
        "node": ">=14"
      },
      "funding": {
        "url": "https://github.com/sponsors/isaacs"
      }
    },
    "node_modules/string-width": {
      "version": "5.1.2",
      "resolved": "https://registry.npmjs.org/string-width/-/string-width-5.1.2.tgz",
      "integrity": "sha512-HnLOCR3vjcY8beoNLtcjZ5/nxn2afmME6lhrDrebokqMap+XbeW8n9TXpPDOqdGK5qcI3oT0GKTW6wC7EMiVqA==",
      "dev": true,
      "dependencies": {
        "eastasianwidth": "^0.2.0",
        "emoji-regex": "^9.2.2",
        "strip-ansi": "^7.0.1"
      },
      "engines": {
        "node": ">=12"
      },
      "funding": {
        "url": "https://github.com/sponsors/sindresorhus"
      }
    },
    "node_modules/string-width-cjs": {
      "name": "string-width",
      "version": "4.2.3",
      "resolved": "https://registry.npmjs.org/string-width/-/string-width-4.2.3.tgz",
      "integrity": "sha512-wKyQRQpjJ0sIp62ErSZdGsjMJWsap5oRNihHhu6G7JVO/9jIB6UyevL+tXuOqrng8j/cxKTWyWUwvSTriiZz/g==",
      "dev": true,
      "dependencies": {
        "emoji-regex": "^8.0.0",
        "is-fullwidth-code-point": "^3.0.0",
        "strip-ansi": "^6.0.1"
      },
      "engines": {
        "node": ">=8"
      }
    },
    "node_modules/string-width-cjs/node_modules/ansi-regex": {
      "version": "5.0.1",
      "resolved": "https://registry.npmjs.org/ansi-regex/-/ansi-regex-5.0.1.tgz",
      "integrity": "sha512-quJQXlTSUGL2LH9SUXo8VwsY4soanhgo6LNSm84E1LBcE8s3O0wpdiRzyR9z/ZZJMlMWv37qOOb9pdJlMUEKFQ==",
      "dev": true,
      "engines": {
        "node": ">=8"
      }
    },
    "node_modules/string-width-cjs/node_modules/emoji-regex": {
      "version": "8.0.0",
      "resolved": "https://registry.npmjs.org/emoji-regex/-/emoji-regex-8.0.0.tgz",
      "integrity": "sha512-MSjYzcWNOA0ewAHpz0MxpYFvwg6yjy1NG3xteoqz644VCo/RPgnr1/GGt+ic3iJTzQ8Eu3TdM14SawnVUmGE6A==",
      "dev": true
    },
    "node_modules/string-width-cjs/node_modules/strip-ansi": {
      "version": "6.0.1",
      "resolved": "https://registry.npmjs.org/strip-ansi/-/strip-ansi-6.0.1.tgz",
      "integrity": "sha512-Y38VPSHcqkFrCpFnQ9vuSXmquuv5oXOKpGeT6aGrr3o3Gc9AlVa6JBfUSOCnbxGGZF+/0ooI7KrPuUSztUdU5A==",
      "dev": true,
      "dependencies": {
        "ansi-regex": "^5.0.1"
      },
      "engines": {
        "node": ">=8"
      }
    },
    "node_modules/strip-ansi": {
      "version": "7.1.0",
      "resolved": "https://registry.npmjs.org/strip-ansi/-/strip-ansi-7.1.0.tgz",
      "integrity": "sha512-iq6eVVI64nQQTRYq2KtEg2d2uU7LElhTJwsH4YzIHZshxlgZms/wIc4VoDQTlG/IvVIrBKG06CrZnp0qv7hkcQ==",
      "dev": true,
      "dependencies": {
        "ansi-regex": "^6.0.1"
      },
      "engines": {
        "node": ">=12"
      },
      "funding": {
        "url": "https://github.com/chalk/strip-ansi?sponsor=1"
      }
    },
    "node_modules/strip-ansi-cjs": {
      "name": "strip-ansi",
      "version": "6.0.1",
      "resolved": "https://registry.npmjs.org/strip-ansi/-/strip-ansi-6.0.1.tgz",
      "integrity": "sha512-Y38VPSHcqkFrCpFnQ9vuSXmquuv5oXOKpGeT6aGrr3o3Gc9AlVa6JBfUSOCnbxGGZF+/0ooI7KrPuUSztUdU5A==",
      "dev": true,
      "dependencies": {
        "ansi-regex": "^5.0.1"
      },
      "engines": {
        "node": ">=8"
      }
    },
    "node_modules/strip-ansi-cjs/node_modules/ansi-regex": {
      "version": "5.0.1",
      "resolved": "https://registry.npmjs.org/ansi-regex/-/ansi-regex-5.0.1.tgz",
      "integrity": "sha512-quJQXlTSUGL2LH9SUXo8VwsY4soanhgo6LNSm84E1LBcE8s3O0wpdiRzyR9z/ZZJMlMWv37qOOb9pdJlMUEKFQ==",
      "dev": true,
      "engines": {
        "node": ">=8"
      }
    },
    "node_modules/strip-json-comments": {
      "version": "3.1.1",
      "resolved": "https://registry.npmjs.org/strip-json-comments/-/strip-json-comments-3.1.1.tgz",
      "integrity": "sha512-6fPc+R4ihwqP6N/aIv2f1gMH8lOVtWQHoqC4yK6oSDVVocumAsfCqjkXnqiYMhmMwS/mEHLp7Vehlt3ql6lEig==",
      "engines": {
        "node": ">=8"
      },
      "funding": {
        "url": "https://github.com/sponsors/sindresorhus"
      }
    },
    "node_modules/taffydb": {
      "version": "2.6.2",
      "resolved": "git+ssh://git@github.com/hegemonic/taffydb.git#e41b5e179e197bb85c5fb887b707672b1e5ca079",
      "dev": true,
      "license": "BSD-2-Clause"
    },
    "node_modules/tsdoc": {
      "version": "0.0.4",
      "resolved": "https://registry.npmjs.org/tsdoc/-/tsdoc-0.0.4.tgz",
      "integrity": "sha512-O93BAQKESlKJ7AKw6ivGoAU9WdQ5NJ0pDUYx1feOoVgoToZrvUuKG3uL9hYp+MuGK2956B/IV+cI8I0ykS5hPQ==",
      "dev": true,
      "dependencies": {
        "jsdoc": "3.2.0",
        "optimist": "0.6.0"
      },
      "bin": {
        "tsdoc": "bin/tsdoc"
      },
      "engines": {
        "node": ">=0.8"
      }
    },
    "node_modules/tsdoc/node_modules/catharsis": {
      "version": "0.5.6",
      "resolved": "https://registry.npmjs.org/catharsis/-/catharsis-0.5.6.tgz",
      "integrity": "sha512-FIKGuortcMexWC4B1gK+iJYr2xcGiWjJDdQYeqvWM5fDxS9l7EXjNixY+fjsquWcCXFOCZk84CYfmmSSk4Cb3g==",
      "dev": true,
      "engines": {
        "node": ">= 0.6"
      }
    },
    "node_modules/tsdoc/node_modules/js2xmlparser": {
      "version": "0.1.0",
      "resolved": "https://registry.npmjs.org/js2xmlparser/-/js2xmlparser-0.1.0.tgz",
      "integrity": "sha512-tRwSjVusPjVRSC/xm75uGlkZJmBEoZVZWq07GVTdvyW37ZzuCOxq0xGZQaJFUNzoNTk5fStSvtPaLM/47JVhgg==",
      "dev": true
    },
    "node_modules/tsdoc/node_modules/jsdoc": {
      "version": "3.2.0",
      "resolved": "https://registry.npmjs.org/jsdoc/-/jsdoc-3.2.0.tgz",
      "integrity": "sha512-ASDe1bDrDYxp35fLv97lxPdIfRhrrEDguMS+QyfDe2viN9GrgqhPJpHHEJwW1C5HgHQ6VZus/ZHHF7YsOkCdlw==",
      "dev": true,
      "dependencies": {
        "async": "0.1.22",
        "catharsis": "0.5.6",
        "crypto-browserify": "git+https://github.com/dominictarr/crypto-browserify.git#95c5d505",
        "js2xmlparser": "0.1.0",
        "jshint": "0.9.1",
        "markdown": "git+https://github.com/jsdoc3/markdown-js.git",
        "marked": "0.2.8",
        "taffydb": "git+https://github.com/hegemonic/taffydb.git",
        "underscore": "1.4.2",
        "wrench": "1.3.9"
      },
      "bin": {
        "jsdoc": "nodejs/bin/jsdoc"
      }
    },
    "node_modules/tsdoc/node_modules/marked": {
      "version": "0.2.8",
      "resolved": "https://registry.npmjs.org/marked/-/marked-0.2.8.tgz",
      "integrity": "sha512-b+4W8tE5w1u5jCpGICr7AKwyTYNCEa340bxYQeiFoCt7J+g4VFvOFtLhhe/267R3l1qAl6nVp2XVxuS346gMtw==",
      "dev": true,
      "bin": {
        "marked": "bin/marked"
      }
    },
    "node_modules/tsdoc/node_modules/underscore": {
      "version": "1.4.2",
      "resolved": "https://registry.npmjs.org/underscore/-/underscore-1.4.2.tgz",
      "integrity": "sha512-rPJMAt3ULsAv/C4FMTPjvi0sS/qb/Ec/ydS4rkTUFz4m0074hlFjql66tYpv5mhMY7zoDKkY9m6DWcq1F4G1vA==",
      "dev": true
    },
    "node_modules/uc.micro": {
      "version": "1.0.6",
      "resolved": "https://registry.npmjs.org/uc.micro/-/uc.micro-1.0.6.tgz",
      "integrity": "sha512-8Y75pvTYkLJW2hWQHXxoqRgV7qb9B+9vFEtidML+7koHUFapnVJAZ6cKs+Qjz5Aw3aZWHMC6u0wJE3At+nSGwA=="
    },
    "node_modules/underscore": {
      "version": "1.13.6",
      "resolved": "https://registry.npmjs.org/underscore/-/underscore-1.13.6.tgz",
      "integrity": "sha512-+A5Sja4HP1M08MaXya7p5LvjuM7K6q/2EaC0+iovj/wOcMsTzMvDFbasi/oSapiwOlt252IqsKqPjCl7huKS0A=="
    },
    "node_modules/which": {
      "version": "2.0.2",
      "resolved": "https://registry.npmjs.org/which/-/which-2.0.2.tgz",
      "integrity": "sha512-BLI3Tl1TW3Pvl70l3yq3Y64i+awpwXqsGBYWkkqMtnbXgrMD+yj7rhW0kuEDxzJaYXGjEW5ogapKNMEKNMjibA==",
      "dev": true,
      "dependencies": {
        "isexe": "^2.0.0"
      },
      "bin": {
        "node-which": "bin/node-which"
      },
      "engines": {
        "node": ">= 8"
      }
    },
    "node_modules/wordwrap": {
      "version": "0.0.3",
      "resolved": "https://registry.npmjs.org/wordwrap/-/wordwrap-0.0.3.tgz",
      "integrity": "sha512-1tMA907+V4QmxV7dbRvb4/8MaRALK6q9Abid3ndMYnbyo8piisCmeONVqVSXqQA3KaP4SLt5b7ud6E2sqP8TFw==",
      "dev": true,
      "engines": {
        "node": ">=0.4.0"
      }
    },
    "node_modules/wrap-ansi": {
      "version": "8.1.0",
      "resolved": "https://registry.npmjs.org/wrap-ansi/-/wrap-ansi-8.1.0.tgz",
      "integrity": "sha512-si7QWI6zUMq56bESFvagtmzMdGOtoxfR+Sez11Mobfc7tm+VkUckk9bW2UeffTGVUbOksxmSw0AA2gs8g71NCQ==",
      "dev": true,
      "dependencies": {
        "ansi-styles": "^6.1.0",
        "string-width": "^5.0.1",
        "strip-ansi": "^7.0.1"
      },
      "engines": {
        "node": ">=12"
      },
      "funding": {
        "url": "https://github.com/chalk/wrap-ansi?sponsor=1"
      }
    },
    "node_modules/wrap-ansi-cjs": {
      "name": "wrap-ansi",
      "version": "7.0.0",
      "resolved": "https://registry.npmjs.org/wrap-ansi/-/wrap-ansi-7.0.0.tgz",
      "integrity": "sha512-YVGIj2kamLSTxw6NsZjoBxfSwsn0ycdesmc4p+Q21c5zPuZ1pl+NfxVdxPtdHvmNVOQ6XSYG4AUtyt/Fi7D16Q==",
      "dev": true,
      "dependencies": {
        "ansi-styles": "^4.0.0",
        "string-width": "^4.1.0",
        "strip-ansi": "^6.0.0"
      },
      "engines": {
        "node": ">=10"
      },
      "funding": {
        "url": "https://github.com/chalk/wrap-ansi?sponsor=1"
      }
    },
    "node_modules/wrap-ansi-cjs/node_modules/ansi-regex": {
      "version": "5.0.1",
      "resolved": "https://registry.npmjs.org/ansi-regex/-/ansi-regex-5.0.1.tgz",
      "integrity": "sha512-quJQXlTSUGL2LH9SUXo8VwsY4soanhgo6LNSm84E1LBcE8s3O0wpdiRzyR9z/ZZJMlMWv37qOOb9pdJlMUEKFQ==",
      "dev": true,
      "engines": {
        "node": ">=8"
      }
    },
    "node_modules/wrap-ansi-cjs/node_modules/ansi-styles": {
      "version": "4.3.0",
      "resolved": "https://registry.npmjs.org/ansi-styles/-/ansi-styles-4.3.0.tgz",
      "integrity": "sha512-zbB9rCJAT1rbjiVDb2hqKFHNYLxgtk8NURxZ3IZwD3F6NtxbXZQCnnSi1Lkx+IDohdPlFp222wVALIheZJQSEg==",
      "dev": true,
      "dependencies": {
        "color-convert": "^2.0.1"
      },
      "engines": {
        "node": ">=8"
      },
      "funding": {
        "url": "https://github.com/chalk/ansi-styles?sponsor=1"
      }
    },
    "node_modules/wrap-ansi-cjs/node_modules/emoji-regex": {
      "version": "8.0.0",
      "resolved": "https://registry.npmjs.org/emoji-regex/-/emoji-regex-8.0.0.tgz",
      "integrity": "sha512-MSjYzcWNOA0ewAHpz0MxpYFvwg6yjy1NG3xteoqz644VCo/RPgnr1/GGt+ic3iJTzQ8Eu3TdM14SawnVUmGE6A==",
      "dev": true
    },
    "node_modules/wrap-ansi-cjs/node_modules/string-width": {
      "version": "4.2.3",
      "resolved": "https://registry.npmjs.org/string-width/-/string-width-4.2.3.tgz",
      "integrity": "sha512-wKyQRQpjJ0sIp62ErSZdGsjMJWsap5oRNihHhu6G7JVO/9jIB6UyevL+tXuOqrng8j/cxKTWyWUwvSTriiZz/g==",
      "dev": true,
      "dependencies": {
        "emoji-regex": "^8.0.0",
        "is-fullwidth-code-point": "^3.0.0",
        "strip-ansi": "^6.0.1"
      },
      "engines": {
        "node": ">=8"
      }
    },
    "node_modules/wrap-ansi-cjs/node_modules/strip-ansi": {
      "version": "6.0.1",
      "resolved": "https://registry.npmjs.org/strip-ansi/-/strip-ansi-6.0.1.tgz",
      "integrity": "sha512-Y38VPSHcqkFrCpFnQ9vuSXmquuv5oXOKpGeT6aGrr3o3Gc9AlVa6JBfUSOCnbxGGZF+/0ooI7KrPuUSztUdU5A==",
      "dev": true,
      "dependencies": {
        "ansi-regex": "^5.0.1"
      },
      "engines": {
        "node": ">=8"
      }
    },
    "node_modules/wrench": {
      "version": "1.3.9",
      "resolved": "https://registry.npmjs.org/wrench/-/wrench-1.3.9.tgz",
      "integrity": "sha512-srTJQmLTP5YtW+F5zDuqjMEZqLLr/eJOZfDI5ibfPfRMeDh3oBUefAscuH0q5wBKE339ptH/S/0D18ZkfOfmKQ==",
      "deprecated": "wrench.js is deprecated! You should check out fs-extra (https://github.com/jprichardson/node-fs-extra) for any operations you were using wrench for. Thanks for all the usage over the years.",
      "dev": true,
      "engines": {
        "node": ">=0.1.97"
      }
    },
    "node_modules/xmlcreate": {
      "version": "2.0.4",
      "resolved": "https://registry.npmjs.org/xmlcreate/-/xmlcreate-2.0.4.tgz",
      "integrity": "sha512-nquOebG4sngPmGPICTS5EnxqhKbCmz5Ox5hsszI2T6U5qdrJizBc+0ilYSEjTSzU0yZcmvppztXe/5Al5fUwdg=="
    }
  }
}
